# THIS IS AN AUTOGENERATED FILE. DO NOT EDIT THIS FILE DIRECTLY.
# yarn lockfile v1


"@types/cookiejar@*":
  version "2.1.0"
  resolved "https://registry.npmjs.org/@types/cookiejar/-/cookiejar-2.1.0.tgz#4b7daf2c51696cfc70b942c11690528229d1a1ce"

"@types/node@*":
  version "10.12.12"
  resolved "https://registry.npmjs.org/@types/node/-/node-10.12.12.tgz#e15a9d034d9210f00320ef718a50c4a799417c47"

"@types/superagent@^3.8.5":
  version "3.8.5"
  resolved "https://registry.npmjs.org/@types/superagent/-/superagent-3.8.5.tgz#a8eb8ec5bce0234e50d6b8bee1941b5bb5686e2d"
  dependencies:
    "@types/cookiejar" "*"
    "@types/node" "*"

asynckit@^0.4.0:
  version "0.4.0"
  resolved "https://registry.npmjs.org/asynckit/-/asynckit-0.4.0.tgz#c79ed97f7f34cb8f2ba1bc9790bcc366474b4b79"

combined-stream@^1.0.6:
  version "1.0.7"
  resolved "https://registry.npmjs.org/combined-stream/-/combined-stream-1.0.7.tgz#2d1d24317afb8abe95d6d2c0b07b57813539d828"
  dependencies:
    delayed-stream "~1.0.0"

component-emitter@^1.2.0:
  version "1.2.1"
  resolved "https://registry.npmjs.org/component-emitter/-/component-emitter-1.2.1.tgz#137918d6d78283f7df7a6b7c5a63e140e69425e6"

cookiejar@^2.1.2:
  version "2.1.2"
  resolved "https://registry.npmjs.org/cookiejar/-/cookiejar-2.1.2.tgz#dd8a235530752f988f9a0844f3fc589e3111125c"

debug@^4.0.0:
  version "4.1.0"
  resolved "https://registry.npmjs.org/debug/-/debug-4.1.0.tgz#373687bffa678b38b1cd91f861b63850035ddc87"
  dependencies:
    ms "^2.1.1"

delayed-stream@~1.0.0:
  version "1.0.0"
  resolved "https://registry.npmjs.org/delayed-stream/-/delayed-stream-1.0.0.tgz#df3ae199acadfb7d440aaae0b29e2272b24ec619"

form-data@^2.3.2:
  version "2.3.3"
  resolved "https://registry.npmjs.org/form-data/-/form-data-2.3.3.tgz#dcce52c05f644f298c6a7ab936bd724ceffbf3a6"
  dependencies:
    asynckit "^0.4.0"
    combined-stream "^1.0.6"
    mime-types "^2.1.12"

formidable@^1.2.0:
  version "1.2.1"
  resolved "https://registry.npmjs.org/formidable/-/formidable-1.2.1.tgz#70fb7ca0290ee6ff961090415f4b3df3d2082659"

inherits@^2.0.3:
  version "2.0.3"
  resolved "https://registry.npmjs.org/inherits/-/inherits-2.0.3.tgz#633c2c83e3da42a502f52466022480f4208261de"

methods@^1.1.1:
  version "1.1.2"
  resolved "https://registry.npmjs.org/methods/-/methods-1.1.2.tgz#5529a4d67654134edcc5266656835b0f851afcee"

mime-db@~1.37.0:
  version "1.37.0"
  resolved "https://registry.npmjs.org/mime-db/-/mime-db-1.37.0.tgz#0b6a0ce6fdbe9576e25f1f2d2fde8830dc0ad0d8"

mime-types@^2.1.12:
  version "2.1.21"
  resolved "https://registry.npmjs.org/mime-types/-/mime-types-2.1.21.tgz#28995aa1ecb770742fe6ae7e58f9181c744b3f96"
  dependencies:
    mime-db "~1.37.0"

mime@^2.0.3:
  version "2.4.0"
  resolved "https://registry.npmjs.org/mime/-/mime-2.4.0.tgz#e051fd881358585f3279df333fe694da0bcffdd6"

ms@^2.1.1:
  version "2.1.1"
  resolved "https://registry.npmjs.org/ms/-/ms-2.1.1.tgz#30a5864eb3ebb0a66f2ebe6d727af06a09d86e0a"

qs@^6.5.1:
  version "6.6.0"
  resolved "https://registry.npmjs.org/qs/-/qs-6.6.0.tgz#a99c0f69a8d26bf7ef012f871cdabb0aee4424c2"

readable-stream@^3.0.3:
  version "3.0.6"
  resolved "https://registry.npmjs.org/readable-stream/-/readable-stream-3.0.6.tgz#351302e4c68b5abd6a2ed55376a7f9a25be3057a"
  dependencies:
    inherits "^2.0.3"
    string_decoder "^1.1.1"
    util-deprecate "^1.0.1"

safe-buffer@~5.1.0:
  version "5.1.2"
  resolved "https://registry.npmjs.org/safe-buffer/-/safe-buffer-5.1.2.tgz#991ec69d296e0313747d59bdfd2b745c35f8828d"

string_decoder@^1.1.1:
  version "1.2.0"
  resolved "https://registry.npmjs.org/string_decoder/-/string_decoder-1.2.0.tgz#fe86e738b19544afe70469243b2a1ee9240eae8d"
  dependencies:
    safe-buffer "~5.1.0"

superagent@^4.0.0:
  version "4.0.0"
  resolved "https://registry.npmjs.org/superagent/-/superagent-4.0.0.tgz#b9de499c0363acb53879cc42bd14ec26751050bb"
  dependencies:
    component-emitter "^1.2.0"
    cookiejar "^2.1.2"
    debug "^4.0.0"
    form-data "^2.3.2"
    formidable "^1.2.0"
    methods "^1.1.1"
    mime "^2.0.3"
    qs "^6.5.1"
    readable-stream "^3.0.3"

util-deprecate@^1.0.1:
  version "1.0.2"
  resolved "https://registry.npmjs.org/util-deprecate/-/util-deprecate-1.0.2.tgz#450d4dc9fa70de732762fbd2d4a28981419a0ccf"
